// !$*UTF8*$!
{
	archiveVersion = 1;
	classes = {
	};
	objectVersion = 56;
	objects = {

/* Begin PBXBuildFile section */
		B7C1C87C2962EBAC00EBCEC7 /* AppDelegate.swift in Sources */ = {isa = PBXBuildFile; fileRef = B7C1C87B2962EBAC00EBCEC7 /* AppDelegate.swift */; };
		B7C1C87E2962EBAC00EBCEC7 /* SceneDelegate.swift in Sources */ = {isa = PBXBuildFile; fileRef = B7C1C87D2962EBAC00EBCEC7 /* SceneDelegate.swift */; };
		B7C1C8802962EBAC00EBCEC7 /* ViewController.swift in Sources */ = {isa = PBXBuildFile; fileRef = B7C1C87F2962EBAC00EBCEC7 /* ViewController.swift */; };
		B7C1C8832962EBAC00EBCEC7 /* Main.storyboard in Resources */ = {isa = PBXBuildFile; fileRef = B7C1C8812962EBAC00EBCEC7 /* Main.storyboard */; };
		B7C1C8852962EBAF00EBCEC7 /* Assets.xcassets in Resources */ = {isa = PBXBuildFile; fileRef = B7C1C8842962EBAF00EBCEC7 /* Assets.xcassets */; };
		B7C1C8882962EBAF00EBCEC7 /* LaunchScreen.storyboard in Resources */ = {isa = PBXBuildFile; fileRef = B7C1C8862962EBAF00EBCEC7 /* LaunchScreen.storyboard */; };
		B7C1C8932962EC2E00EBCEC7 /* CameraViewModelProtocol.swift in Sources */ = {isa = PBXBuildFile; fileRef = B7C1C8922962EC2E00EBCEC7 /* CameraViewModelProtocol.swift */; };
		B7C1C8952962ECB900EBCEC7 /* CameraMode.swift in Sources */ = {isa = PBXBuildFile; fileRef = B7C1C8942962ECB900EBCEC7 /* CameraMode.swift */; };
		B7C1C8982962ED4000EBCEC7 /* CameraViewModel.swift in Sources */ = {isa = PBXBuildFile; fileRef = B7C1C8972962ED4000EBCEC7 /* CameraViewModel.swift */; };
		B7C1C89B2962ED9900EBCEC7 /* DBService.swift in Sources */ = {isa = PBXBuildFile; fileRef = B7C1C89A2962ED9900EBCEC7 /* DBService.swift */; };
/* End PBXBuildFile section */

/* Begin PBXFileReference section */
		B7C1C8782962EBAC00EBCEC7 /* MVVM project.app */ = {isa = PBXFileReference; explicitFileType = wrapper.application; includeInIndex = 0; path = "MVVM project.app"; sourceTree = BUILT_PRODUCTS_DIR; };
		B7C1C87B2962EBAC00EBCEC7 /* AppDelegate.swift */ = {isa = PBXFileReference; lastKnownFileType = sourcecode.swift; path = AppDelegate.swift; sourceTree = "<group>"; };
		B7C1C87D2962EBAC00EBCEC7 /* SceneDelegate.swift */ = {isa = PBXFileReference; lastKnownFileType = sourcecode.swift; path = SceneDelegate.swift; sourceTree = "<group>"; };
		B7C1C87F2962EBAC00EBCEC7 /* ViewController.swift */ = {isa = PBXFileReference; lastKnownFileType = sourcecode.swift; path = ViewController.swift; sourceTree = "<group>"; };
		B7C1C8822962EBAC00EBCEC7 /* Base */ = {isa = PBXFileReference; lastKnownFileType = file.storyboard; name = Base; path = Base.lproj/Main.storyboard; sourceTree = "<group>"; };
		B7C1C8842962EBAF00EBCEC7 /* Assets.xcassets */ = {isa = PBXFileReference; lastKnownFileType = folder.assetcatalog; path = Assets.xcassets; sourceTree = "<group>"; };
		B7C1C8872962EBAF00EBCEC7 /* Base */ = {isa = PBXFileReference; lastKnownFileType = file.storyboard; name = Base; path = Base.lproj/LaunchScreen.storyboard; sourceTree = "<group>"; };
		B7C1C8892962EBAF00EBCEC7 /* Info.plist */ = {isa = PBXFileReference; lastKnownFileType = text.plist.xml; path = Info.plist; sourceTree = "<group>"; };
		B7C1C8922962EC2E00EBCEC7 /* CameraViewModelProtocol.swift */ = {isa = PBXFileReference; lastKnownFileType = sourcecode.swift; path = CameraViewModelProtocol.swift; sourceTree = "<group>"; };
		B7C1C8942962ECB900EBCEC7 /* CameraMode.swift */ = {isa = PBXFileReference; lastKnownFileType = sourcecode.swift; path = CameraMode.swift; sourceTree = "<group>"; };
		B7C1C8972962ED4000EBCEC7 /* CameraViewModel.swift */ = {isa = PBXFileReference; lastKnownFileType = sourcecode.swift; path = CameraViewModel.swift; sourceTree = "<group>"; };
		B7C1C89A2962ED9900EBCEC7 /* DBService.swift */ = {isa = PBXFileReference; lastKnownFileType = sourcecode.swift; path = DBService.swift; sourceTree = "<group>"; };
/* End PBXFileReference section */

/* Begin PBXFrameworksBuildPhase section */
		B7C1C8752962EBAC00EBCEC7 /* Frameworks */ = {
			isa = PBXFrameworksBuildPhase;
			buildActionMask = 2147483647;
			files = (
			);
			runOnlyForDeploymentPostprocessing = 0;
		};
/* End PBXFrameworksBuildPhase section */

/* Begin PBXGroup section */
		B7C1C86F2962EBAC00EBCEC7 = {
			isa = PBXGroup;
			children = (
				B7C1C87A2962EBAC00EBCEC7 /* MVVM project */,
				B7C1C8792962EBAC00EBCEC7 /* Products */,
			);
			sourceTree = "<group>";
		};
		B7C1C8792962EBAC00EBCEC7 /* Products */ = {
			isa = PBXGroup;
			children = (
				B7C1C8782962EBAC00EBCEC7 /* MVVM project.app */,
			);
			name = Products;
			sourceTree = "<group>";
		};
		B7C1C87A2962EBAC00EBCEC7 /* MVVM project */ = {
			isa = PBXGroup;
			children = (
				B7C1C8992962ED8B00EBCEC7 /* Services */,
				B7C1C8962962ECC100EBCEC7 /* Models */,
				B7C1C88F2962EBD800EBCEC7 /* Application */,
				B7C1C8912962EC1900EBCEC7 /* Camera */,
				B7C1C8902962EBE200EBCEC7 /* Resources */,
			);
			path = "MVVM project";
			sourceTree = "<group>";
		};
		B7C1C88F2962EBD800EBCEC7 /* Application */ = {
			isa = PBXGroup;
			children = (
				B7C1C87B2962EBAC00EBCEC7 /* AppDelegate.swift */,
				B7C1C87D2962EBAC00EBCEC7 /* SceneDelegate.swift */,
			);
			path = Application;
			sourceTree = "<group>";
		};
		B7C1C8902962EBE200EBCEC7 /* Resources */ = {
			isa = PBXGroup;
			children = (
				B7C1C8842962EBAF00EBCEC7 /* Assets.xcassets */,
				B7C1C8862962EBAF00EBCEC7 /* LaunchScreen.storyboard */,
				B7C1C8892962EBAF00EBCEC7 /* Info.plist */,
			);
			path = Resources;
			sourceTree = "<group>";
		};
		B7C1C8912962EC1900EBCEC7 /* Camera */ = {
			isa = PBXGroup;
			children = (
				B7C1C87F2962EBAC00EBCEC7 /* ViewController.swift */,
				B7C1C8812962EBAC00EBCEC7 /* Main.storyboard */,
				B7C1C8922962EC2E00EBCEC7 /* CameraViewModelProtocol.swift */,
				B7C1C8972962ED4000EBCEC7 /* CameraViewModel.swift */,
			);
			path = Camera;
			sourceTree = "<group>";
		};
		B7C1C8962962ECC100EBCEC7 /* Models */ = {
			isa = PBXGroup;
			children = (
				B7C1C8942962ECB900EBCEC7 /* CameraMode.swift */,
			);
			path = Models;
			sourceTree = "<group>";
		};
		B7C1C8992962ED8B00EBCEC7 /* Services */ = {
			isa = PBXGroup;
			children = (
				B7C1C89A2962ED9900EBCEC7 /* DBService.swift */,
			);
			path = Services;
			sourceTree = "<group>";
		};
/* End PBXGroup section */

/* Begin PBXNativeTarget section */
		B7C1C8772962EBAC00EBCEC7 /* MVVM project */ = {
			isa = PBXNativeTarget;
			buildConfigurationList = B7C1C88C2962EBAF00EBCEC7 /* Build configuration list for PBXNativeTarget "MVVM project" */;
			buildPhases = (
				B7C1C8742962EBAC00EBCEC7 /* Sources */,
				B7C1C8752962EBAC00EBCEC7 /* Frameworks */,
				B7C1C8762962EBAC00EBCEC7 /* Resources */,
			);
			buildRules = (
			);
			dependencies = (
			);
			name = "MVVM project";
			productName = "MVVM project";
			productReference = B7C1C8782962EBAC00EBCEC7 /* MVVM project.app */;
			productType = "com.apple.product-type.application";
		};
/* End PBXNativeTarget section */

/* Begin PBXProject section */
		B7C1C8702962EBAC00EBCEC7 /* Project object */ = {
			isa = PBXProject;
			attributes = {
				BuildIndependentTargetsInParallel = 1;
				LastSwiftUpdateCheck = 1420;
				LastUpgradeCheck = 1420;
				TargetAttributes = {
					B7C1C8772962EBAC00EBCEC7 = {
						CreatedOnToolsVersion = 14.2;
					};
				};
			};
			buildConfigurationList = B7C1C8732962EBAC00EBCEC7 /* Build configuration list for PBXProject "MVVM project" */;
			compatibilityVersion = "Xcode 14.0";
			developmentRegion = en;
			hasScannedForEncodings = 0;
			knownRegions = (
				en,
				Base,
			);
			mainGroup = B7C1C86F2962EBAC00EBCEC7;
			productRefGroup = B7C1C8792962EBAC00EBCEC7 /* Products */;
			projectDirPath = "";
			projectRoot = "";
			targets = (
				B7C1C8772962EBAC00EBCEC7 /* MVVM project */,
			);
		};
/* End PBXProject section */

/* Begin PBXResourcesBuildPhase section */
		B7C1C8762962EBAC00EBCEC7 /* Resources */ = {
			isa = PBXResourcesBuildPhase;
			buildActionMask = 2147483647;
			files = (
				B7C1C8882962EBAF00EBCEC7 /* LaunchScreen.storyboard in Resources */,
				B7C1C8852962EBAF00EBCEC7 /* Assets.xcassets in Resources */,
				B7C1C8832962EBAC00EBCEC7 /* Main.storyboard in Resources */,
			);
			runOnlyForDeploymentPostprocessing = 0;
		};
/* End PBXResourcesBuildPhase section */

/* Begin PBXSourcesBuildPhase section */
		B7C1C8742962EBAC00EBCEC7 /* Sources */ = {
			isa = PBXSourcesBuildPhase;
			buildActionMask = 2147483647;
			files = (
				B7C1C8952962ECB900EBCEC7 /* CameraMode.swift in Sources */,
				B7C1C8802962EBAC00EBCEC7 /* ViewController.swift in Sources */,
				B7C1C87C2962EBAC00EBCEC7 /* AppDelegate.swift in Sources */,
				B7C1C89B2962ED9900EBCEC7 /* DBService.swift in Sources */,
				B7C1C87E2962EBAC00EBCEC7 /* SceneDelegate.swift in Sources */,
				B7C1C8932962EC2E00EBCEC7 /* CameraViewModelProtocol.swift in Sources */,
				B7C1C8982962ED4000EBCEC7 /* CameraViewModel.swift in Sources */,
			);
			runOnlyForDeploymentPostprocessing = 0;
		};
/* End PBXSourcesBuildPhase section */

/* Begin PBXVariantGroup section */
		B7C1C8812962EBAC00EBCEC7 /* Main.storyboard */ = {
			isa = PBXVariantGroup;
			children = (
				B7C1C8822962EBAC00EBCEC7 /* Base */,
			);
			name = Main.storyboard;
			sourceTree = "<group>";
		};
		B7C1C8862962EBAF00EBCEC7 /* LaunchScreen.storyboard */ = {
			isa = PBXVariantGroup;
			children = (
				B7C1C8872962EBAF00EBCEC7 /* Base */,
			);
			name = LaunchScreen.storyboard;
			sourceTree = "<group>";
		};
/* End PBXVariantGroup section */

/* Begin XCBuildConfiguration section */
		B7C1C88A2962EBAF00EBCEC7 /* Debug */ = {
			isa = XCBuildConfiguration;
			buildSettings = {
				ALWAYS_SEARCH_USER_PATHS = NO;
				CLANG_ANALYZER_NONNULL = YES;
				CLANG_ANALYZER_NUMBER_OBJECT_CONVERSION = YES_AGGRESSIVE;
				CLANG_CXX_LANGUAGE_STANDARD = "gnu++20";
				CLANG_ENABLE_MODULES = YES;
				CLANG_ENABLE_OBJC_ARC = YES;
				CLANG_ENABLE_OBJC_WEAK = YES;
				CLANG_WARN_BLOCK_CAPTURE_AUTORELEASING = YES;
				CLANG_WARN_BOOL_CONVERSION = YES;
				CLANG_WARN_COMMA = YES;
				CLANG_WARN_CONSTANT_CONVERSION = YES;
				CLANG_WARN_DEPRECATED_OBJC_IMPLEMENTATIONS = YES;
				CLANG_WARN_DIRECT_OBJC_ISA_USAGE = YES_ERROR;
				CLANG_WARN_DOCUMENTATION_COMMENTS = YES;
				CLANG_WARN_EMPTY_BODY = YES;
				CLANG_WARN_ENUM_CONVERSION = YES;
				CLANG_WARN_INFINITE_RECURSION = YES;
				CLANG_WARN_INT_CONVERSION = YES;
				CLANG_WARN_NON_LITERAL_NULL_CONVERSION = YES;
				CLANG_WARN_OBJC_IMPLICIT_RETAIN_SELF = YES;
				CLANG_WARN_OBJC_LITERAL_CONVERSION = YES;
				CLANG_WARN_OBJC_ROOT_CLASS = YES_ERROR;
				CLANG_WARN_QUOTED_INCLUDE_IN_FRAMEWORK_HEADER = YES;
				CLANG_WARN_RANGE_LOOP_ANALYSIS = YES;
				CLANG_WARN_STRICT_PROTOTYPES = YES;
				CLANG_WARN_SUSPICIOUS_MOVE = YES;
				CLANG_WARN_UNGUARDED_AVAILABILITY = YES_AGGRESSIVE;
				CLANG_WARN_UNREACHABLE_CODE = YES;
				CLANG_WARN__DUPLICATE_METHOD_MATCH = YES;
				COPY_PHASE_STRIP = NO;
				DEBUG_INFORMATION_FORMAT = dwarf;
				ENABLE_STRICT_OBJC_MSGSEND = YES;
				ENABLE_TESTABILITY = YES;
				GCC_C_LANGUAGE_STANDARD = gnu11;
				GCC_DYNAMIC_NO_PIC = NO;
				GCC_NO_COMMON_BLOCKS = YES;
				GCC_OPTIMIZATION_LEVEL = 0;
				GCC_PREPROCESSOR_DEFINITIONS = (
					"DEBUG=1",
					"$(inherited)",
				);
				GCC_WARN_64_TO_32_BIT_CONVERSION = YES;
				GCC_WARN_ABOUT_RETURN_TYPE = YES_ERROR;
				GCC_WARN_UNDECLARED_SELECTOR = YES;
				GCC_WARN_UNINITIALIZED_AUTOS = YES_AGGRESSIVE;
				GCC_WARN_UNUSED_FUNCTION = YES;
				GCC_WARN_UNUSED_VARIABLE = YES;
				IPHONEOS_DEPLOYMENT_TARGET = 16.2;
				MTL_ENABLE_DEBUG_INFO = INCLUDE_SOURCE;
				MTL_FAST_MATH = YES;
				ONLY_ACTIVE_ARCH = YES;
				SDKROOT = iphoneos;
				SWIFT_ACTIVE_COMPILATION_CONDITIONS = DEBUG;
				SWIFT_OPTIMIZATION_LEVEL = "-Onone";
			};
			name = Debug;
		};
		B7C1C88B2962EBAF00EBCEC7 /* Release */ = {
			isa = XCBuildConfiguration;
			buildSettings = {
				ALWAYS_SEARCH_USER_PATHS = NO;
				CLANG_ANALYZER_NONNULL = YES;
				CLANG_ANALYZER_NUMBER_OBJECT_CONVERSION = YES_AGGRESSIVE;
				CLANG_CXX_LANGUAGE_STANDARD = "gnu++20";
				CLANG_ENABLE_MODULES = YES;
				CLANG_ENABLE_OBJC_ARC = YES;
				CLANG_ENABLE_OBJC_WEAK = YES;
				CLANG_WARN_BLOCK_CAPTURE_AUTORELEASING = YES;
				CLANG_WARN_BOOL_CONVERSION = YES;
				CLANG_WARN_COMMA = YES;
				CLANG_WARN_CONSTANT_CONVERSION = YES;
				CLANG_WARN_DEPRECATED_OBJC_IMPLEMENTATIONS = YES;
				CLANG_WARN_DIRECT_OBJC_ISA_USAGE = YES_ERROR;
				CLANG_WARN_DOCUMENTATION_COMMENTS = YES;
				CLANG_WARN_EMPTY_BODY = YES;
				CLANG_WARN_ENUM_CONVERSION = YES;
				CLANG_WARN_INFINITE_RECURSION = YES;
				CLANG_WARN_INT_CONVERSION = YES;
				CLANG_WARN_NON_LITERAL_NULL_CONVERSION = YES;
				CLANG_WARN_OBJC_IMPLICIT_RETAIN_SELF = YES;
				CLANG_WARN_OBJC_LITERAL_CONVERSION = YES;
				CLANG_WARN_OBJC_ROOT_CLASS = YES_ERROR;
				CLANG_WARN_QUOTED_INCLUDE_IN_FRAMEWORK_HEADER = YES;
				CLANG_WARN_RANGE_LOOP_ANALYSIS = YES;
				CLANG_WARN_STRICT_PROTOTYPES = YES;
				CLANG_WARN_SUSPICIOUS_MOVE = YES;
				CLANG_WARN_UNGUARDED_AVAILABILITY = YES_AGGRESSIVE;
				CLANG_WARN_UNREACHABLE_CODE = YES;
				CLANG_WARN__DUPLICATE_METHOD_MATCH = YES;
				COPY_PHASE_STRIP = NO;
				DEBUG_INFORMATION_FORMAT = "dwarf-with-dsym";
				ENABLE_NS_ASSERTIONS = NO;
				ENABLE_STRICT_OBJC_MSGSEND = YES;
				GCC_C_LANGUAGE_STANDARD = gnu11;
				GCC_NO_COMMON_BLOCKS = YES;
				GCC_WARN_64_TO_32_BIT_CONVERSION = YES;
				GCC_WARN_ABOUT_RETURN_TYPE = YES_ERROR;
				GCC_WARN_UNDECLARED_SELECTOR = YES;
				GCC_WARN_UNINITIALIZED_AUTOS = YES_AGGRESSIVE;
				GCC_WARN_UNUSED_FUNCTION = YES;
				GCC_WARN_UNUSED_VARIABLE = YES;
				IPHONEOS_DEPLOYMENT_TARGET = 16.2;
				MTL_ENABLE_DEBUG_INFO = NO;
				MTL_FAST_MATH = YES;
				SDKROOT = iphoneos;
				SWIFT_COMPILATION_MODE = wholemodule;
				SWIFT_OPTIMIZATION_LEVEL = "-O";
				VALIDATE_PRODUCT = YES;
			};
			name = Release;
		};
		B7C1C88D2962EBAF00EBCEC7 /* Debug */ = {
			isa = XCBuildConfiguration;
			buildSettings = {
				ASSETCATALOG_COMPILER_APPICON_NAME = AppIcon;
				ASSETCATALOG_COMPILER_GLOBAL_ACCENT_COLOR_NAME = AccentColor;
				CODE_SIGN_STYLE = Automatic;
				CURRENT_PROJECT_VERSION = 1;
				DEVELOPMENT_TEAM = 8M97DT7VG5;
				GENERATE_INFOPLIST_FILE = YES;
				INFOPLIST_FILE = "MVVM project/Resources/Info.plist";
				INFOPLIST_KEY_UIApplicationSupportsIndirectInputEvents = YES;
				INFOPLIST_KEY_UILaunchStoryboardName = LaunchScreen;
				INFOPLIST_KEY_UIMainStoryboardFile = Main;
				INFOPLIST_KEY_UISupportedInterfaceOrientations_iPad = "UIInterfaceOrientationPortrait UIInterfaceOrientationPortraitUpsideDown UIInterfaceOrientationLandscapeLeft UIInterfaceOrientationLandscapeRight";
				INFOPLIST_KEY_UISupportedInterfaceOrientations_iPhone = "UIInterfaceOrientationPortrait UIInterfaceOrientationLandscapeLeft UIInterfaceOrientationLandscapeRight";
				LD_RUNPATH_SEARCH_PATHS = (
					"$(inherited)",
					"@executable_path/Frameworks",
				);
				MARKETING_VERSION = 1.0;
				PRODUCT_BUNDLE_IDENTIFIER = "id.iBenko.MVVM-project";
				PRODUCT_NAME = "$(TARGET_NAME)";
				SWIFT_EMIT_LOC_STRINGS = YES;
				SWIFT_VERSION = 5.0;
				TARGETED_DEVICE_FAMILY = "1,2";
			};
			name = Debug;
		};
		B7C1C88E2962EBAF00EBCEC7 /* Release */ = {
			isa = XCBuildConfiguration;
			buildSettings = {
				ASSETCATALOG_COMPILER_APPICON_NAME = AppIcon;
				ASSETCATALOG_COMPILER_GLOBAL_ACCENT_COLOR_NAME = AccentColor;
				CODE_SIGN_STYLE = Automatic;
				CURRENT_PROJECT_VERSION = 1;
				DEVELOPMENT_TEAM = 8M97DT7VG5;
				GENERATE_INFOPLIST_FILE = YES;
				INFOPLIST_FILE = "MVVM project/Resources/Info.plist";
				INFOPLIST_KEY_UIApplicationSupportsIndirectInputEvents = YES;
				INFOPLIST_KEY_UILaunchStoryboardName = LaunchScreen;
				INFOPLIST_KEY_UIMainStoryboardFile = Main;
				INFOPLIST_KEY_UISupportedInterfaceOrientations_iPad = "UIInterfaceOrientationPortrait UIInterfaceOrientationPortraitUpsideDown UIInterfaceOrientationLandscapeLeft UIInterfaceOrientationLandscapeRight";
				INFOPLIST_KEY_UISupportedInterfaceOrientations_iPhone = "UIInterfaceOrientationPortrait UIInterfaceOrientationLandscapeLeft UIInterfaceOrientationLandscapeRight";
				LD_RUNPATH_SEARCH_PATHS = (
					"$(inherited)",
					"@executable_path/Frameworks",
				);
				MARKETING_VERSION = 1.0;
				PRODUCT_BUNDLE_IDENTIFIER = "id.iBenko.MVVM-project";
				PRODUCT_NAME = "$(TARGET_NAME)";
				SWIFT_EMIT_LOC_STRINGS = YES;
				SWIFT_VERSION = 5.0;
				TARGETED_DEVICE_FAMILY = "1,2";
			};
			name = Release;
		};
/* End XCBuildConfiguration section */

/* Begin XCConfigurationList section */
		B7C1C8732962EBAC00EBCEC7 /* Build configuration list for PBXProject "MVVM project" */ = {
			isa = XCConfigurationList;
			buildConfigurations = (
				B7C1C88A2962EBAF00EBCEC7 /* Debug */,
				B7C1C88B2962EBAF00EBCEC7 /* Release */,
			);
			defaultConfigurationIsVisible = 0;
			defaultConfigurationName = Release;
		};
		B7C1C88C2962EBAF00EBCEC7 /* Build configuration list for PBXNativeTarget "MVVM project" */ = {
			isa = XCConfigurationList;
			buildConfigurations = (
				B7C1C88D2962EBAF00EBCEC7 /* Debug */,
				B7C1C88E2962EBAF00EBCEC7 /* Release */,
			);
			defaultConfigurationIsVisible = 0;
			defaultConfigurationName = Release;
		};
/* End XCConfigurationList section */
	};
	rootObject = B7C1C8702962EBAC00EBCEC7 /* Project object */;
}
